<?xml version="1.0" encoding="utf-8"?>
<Project ToolsVersion="4.0" xmlns="http://schemas.microsoft.com/developer/msbuild/2003">
  <ItemGroup>
    <ClCompile Include="src\AutoClicker.cpp" />
  </ItemGroup>
  <ItemGroup>
    <ClInclude Include="src\Components\TitleBar.hpp">
      <Filter>Components</Filter>
    </ClInclude>
    <ClInclude Include="src\Utilities\Setup.hpp">
      <Filter>Utilities</Filter>
    </ClInclude>
    <ClInclude Include="src\Utilities\Style.hpp">
      <Filter>Utilities</Filter>
    </ClInclude>
    <ClInclude Include="src\Pages\AutoClicker.hpp" />
    <ClInclude Include="src\Utilities\ClickerUtil.hpp" />
    <ClInclude Include="src\Utilities\Hotkeys.hpp" />
    <ClInclude Include="src\Utilities\json.hpp" />
  </ItemGroup>
  <ItemGroup>
    <Filter Include="Components">
      <UniqueIdentifier>{28f8edce-596b-42d5-89b7-39972c51a5a9}</UniqueIdentifier>
    </Filter>
    <Filter Include="Utilities">
      <UniqueIdentifier>{e0b4d21d-fd46-4957-a613-38b5facdebb9}</UniqueIdentifier>
    </Filter>
    <Filter Include="Pages">
      <UniqueIdentifier>{d75fff50-f01e-48ad-b04f-d43669a4820d}</UniqueIdentifier>
    </Filter>
  </ItemGroup>
</Project>